
Microsoft Visual Studio Solution File, Format Version 12.00
# Visual Studio Version 17
VisualStudioVersion = 17.12.35707.178
MinimumVisualStudioVersion = 10.0.40219.1
Project("{FAE04EC0-301F-11D3-BF4B-00C04F79EFBC}") = "PrimeraAppNetCore", "PrimeraAppNetCore\PrimeraAppNetCore.csproj", "{3B6E3C96-A95A-4B8F-BD21-6FAE9E1A8F7D}"
EndProject
Project("{FAE04EC0-301F-11D3-BF4B-00C04F79EFBC}") = "CapaEntidad", "CapaEntidad\CapaEntidad.csproj", "{2C093177-9578-4553-8CFF-AB55CE497C8B}"
EndProject
Project("{FAE04EC0-301F-11D3-BF4B-00C04F79EFBC}") = "CapaDatos", "CapaDatos\CapaDatos.csproj", "{3738C718-FD07-4506-B9F0-3207F87C3FDE}"
EndProject
Project("{FAE04EC0-301F-11D3-BF4B-00C04F79EFBC}") = "CapaNegocio", "CapaNegocio\CapaNegocio.csproj", "{5037FE43-6E17-4068-95ED-C05F905B9708}"
EndProject
Global
	GlobalSection(SolutionConfigurationPlatforms) = preSolution
		Debug|Any CPU = Debug|Any CPU
		Release|Any CPU = Release|Any CPU
	EndGlobalSection
	GlobalSection(ProjectConfigurationPlatforms) = postSolution
		{3B6E3C96-A95A-4B8F-BD21-6FAE9E1A8F7D}.Debug|Any CPU.ActiveCfg = Debug|Any CPU
		{3B6E3C96-A95A-4B8F-BD21-6FAE9E1A8F7D}.Debug|Any CPU.Build.0 = Debug|Any CPU
		{3B6E3C96-A95A-4B8F-BD21-6FAE9E1A8F7D}.Release|Any CPU.ActiveCfg = Release|Any CPU
		{3B6E3C96-A95A-4B8F-BD21-6FAE9E1A8F7D}.Release|Any CPU.Build.0 = Release|Any CPU
		{2C093177-9578-4553-8CFF-AB55CE497C8B}.Debug|Any CPU.ActiveCfg = Debug|Any CPU
		{2C093177-9578-4553-8CFF-AB55CE497C8B}.Debug|Any CPU.Build.0 = Debug|Any CPU
		{2C093177-9578-4553-8CFF-AB55CE497C8B}.Release|Any CPU.ActiveCfg = Release|Any CPU
		{2C093177-9578-4553-8CFF-AB55CE497C8B}.Release|Any CPU.Build.0 = Release|Any CPU
		{3738C718-FD07-4506-B9F0-3207F87C3FDE}.Debug|Any CPU.ActiveCfg = Debug|Any CPU
		{3738C718-FD07-4506-B9F0-3207F87C3FDE}.Debug|Any CPU.Build.0 = Debug|Any CPU
		{3738C718-FD07-4506-B9F0-3207F87C3FDE}.Release|Any CPU.ActiveCfg = Release|Any CPU
		{3738C718-FD07-4506-B9F0-3207F87C3FDE}.Release|Any CPU.Build.0 = Release|Any CPU
		{5037FE43-6E17-4068-95ED-C05F905B9708}.Debug|Any CPU.ActiveCfg = Debug|Any CPU
		{5037FE43-6E17-4068-95ED-C05F905B9708}.Debug|Any CPU.Build.0 = Debug|Any CPU
		{5037FE43-6E17-4068-95ED-C05F905B9708}.Release|Any CPU.ActiveCfg = Release|Any CPU
		{5037FE43-6E17-4068-95ED-C05F905B9708}.Release|Any CPU.Build.0 = Release|Any CPU
	EndGlobalSection
	GlobalSection(SolutionProperties) = preSolution
		HideSolutionNode = FALSE
	EndGlobalSection
EndGlobal
